
Microsoft Visual Studio Solution File, Format Version 12.00
# Visual Studio Version 17
VisualStudioVersion = 17.2.32602.215
MinimumVisualStudioVersion = 10.0.40219.1
Project("{FAE04EC0-301F-11D3-BF4B-00C04F79EFBC}") = "API", "WebApplication1\API.csproj", "{73055721-E2BD-4F19-BD8E-1EF466DC6E39}"
EndProject
Global
	GlobalSection(SolutionConfigurationPlatforms) = preSolution
		Debug|Any CPU = Debug|Any CPU
		Release|Any CPU = Release|Any CPU
	EndGlobalSection
	GlobalSection(ProjectConfigurationPlatforms) = postSolution
		{73055721-E2BD-4F19-BD8E-1EF466DC6E39}.Debug|Any CPU.ActiveCfg = Debug|Any CPU
		{73055721-E2BD-4F19-BD8E-1EF466DC6E39}.Debug|Any CPU.Build.0 = Debug|Any CPU
		{73055721-E2BD-4F19-BD8E-1EF466DC6E39}.Release|Any CPU.ActiveCfg = Release|Any CPU
		{73055721-E2BD-4F19-BD8E-1EF466DC6E39}.Release|Any CPU.Build.0 = Release|Any CPU
	EndGlobalSection
	GlobalSection(SolutionProperties) = preSolution
		HideSolutionNode = FALSE
	EndGlobalSection
	GlobalSection(ExtensibilityGlobals) = postSolution
		SolutionGuid = {EE280EA8-785D-49F6-B649-21C367A7DD4D}
	EndGlobalSection
EndGlobal
